// !$*UTF8*$!
{
	archiveVersion = 1;
	classes = {
	};
	objectVersion = 56;
	objects = {

/* Begin PBXBuildFile section */
		6620A9862A0A54730082718F /* CityListViewController.storyboard in Resources */ = {isa = PBXBuildFile; fileRef = 6620A9852A0A54730082718F /* CityListViewController.storyboard */; };
		6620A9882A0A54BE0082718F /* CityListViewController.swift in Sources */ = {isa = PBXBuildFile; fileRef = 6620A9872A0A54BE0082718F /* CityListViewController.swift */; };
		6620A98A2A0A5C780082718F /* NavigationRouter.swift in Sources */ = {isa = PBXBuildFile; fileRef = 6620A9892A0A5C780082718F /* NavigationRouter.swift */; };
		6620A98C2A0A6FC70082718F /* UIViewController.swift in Sources */ = {isa = PBXBuildFile; fileRef = 6620A98B2A0A6FC70082718F /* UIViewController.swift */; };
		663B00C82A10018200922DE5 /* Colors.swift in Sources */ = {isa = PBXBuildFile; fileRef = 663B00C72A10018200922DE5 /* Colors.swift */; };
		663B00CA2A1002DA00922DE5 /* String+Color.swift in Sources */ = {isa = PBXBuildFile; fileRef = 663B00C92A1002DA00922DE5 /* String+Color.swift */; };
		664F195A28FC18CE006B09FB /* LaunchScreen.storyboard in Resources */ = {isa = PBXBuildFile; fileRef = 664F195828FC18CE006B09FB /* LaunchScreen.storyboard */; };
		664F195C28FC1901006B09FB /* LoginViewController.storyboard in Resources */ = {isa = PBXBuildFile; fileRef = 664F195B28FC1901006B09FB /* LoginViewController.storyboard */; };
		664F195E28FC191A006B09FB /* LoginViewController.swift in Sources */ = {isa = PBXBuildFile; fileRef = 664F195D28FC191A006B09FB /* LoginViewController.swift */; };
		6657B2152A10D022008F9CD7 /* City.swift in Sources */ = {isa = PBXBuildFile; fileRef = 6657B2142A10D022008F9CD7 /* City.swift */; };
		6657B21C2A10DBF3008F9CD7 /* CityList.swift in Sources */ = {isa = PBXBuildFile; fileRef = 6657B21B2A10DBF3008F9CD7 /* CityList.swift */; };
		6657B21E2A10E4C6008F9CD7 /* CityListViewCellModel.swift in Sources */ = {isa = PBXBuildFile; fileRef = 6657B21D2A10E4C6008F9CD7 /* CityListViewCellModel.swift */; };
		6657B2212A10E7CD008F9CD7 /* CityListViewCell.swift in Sources */ = {isa = PBXBuildFile; fileRef = 6657B2202A10E7CD008F9CD7 /* CityListViewCell.swift */; };
		6692AB212A2E6E3C00EA1F27 /* AddCityViewCellModel.swift in Sources */ = {isa = PBXBuildFile; fileRef = 6692AB202A2E6E3C00EA1F27 /* AddCityViewCellModel.swift */; };
		6692AB252A2E6EDC00EA1F27 /* AddCityViewCell.swift in Sources */ = {isa = PBXBuildFile; fileRef = 6692AB242A2E6EDC00EA1F27 /* AddCityViewCell.swift */; };
		669578B02A3B94F000FDCD7A /* GradientView.swift in Sources */ = {isa = PBXBuildFile; fileRef = 669578AF2A3B94F000FDCD7A /* GradientView.swift */; };
		669A50E82A02E8F600989404 /* Common.xcassets in Resources */ = {isa = PBXBuildFile; fileRef = 669A50E72A02E8F600989404 /* Common.xcassets */; };
		66C655532A38DCE8001CFF8E /* ForecastViewController.storyboard in Resources */ = {isa = PBXBuildFile; fileRef = 66C655522A38DCE8001CFF8E /* ForecastViewController.storyboard */; };
		66C655552A38DD15001CFF8E /* ForecastViewController.swift in Sources */ = {isa = PBXBuildFile; fileRef = 66C655542A38DD15001CFF8E /* ForecastViewController.swift */; };
		66C655592A38EFEC001CFF8E /* ForecastCollectionViewCell.swift in Sources */ = {isa = PBXBuildFile; fileRef = 66C655582A38EFEC001CFF8E /* ForecastCollectionViewCell.swift */; };
		66C6555C2A38F196001CFF8E /* Weather.swift in Sources */ = {isa = PBXBuildFile; fileRef = 66C6555B2A38F196001CFF8E /* Weather.swift */; };
		66C6555F2A38F1F8001CFF8E /* ForecastViewCellModel.swift in Sources */ = {isa = PBXBuildFile; fileRef = 66C6555E2A38F1F8001CFF8E /* ForecastViewCellModel.swift */; };
		66C9E3A328FC173E00CD1D24 /* AppDelegate.swift in Sources */ = {isa = PBXBuildFile; fileRef = 66C9E3A228FC173E00CD1D24 /* AppDelegate.swift */; };
		66C9E3A528FC173E00CD1D24 /* SceneDelegate.swift in Sources */ = {isa = PBXBuildFile; fileRef = 66C9E3A428FC173E00CD1D24 /* SceneDelegate.swift */; };
		66C9E3AC28FC174000CD1D24 /* AppIcon.xcassets in Resources */ = {isa = PBXBuildFile; fileRef = 66C9E3AB28FC174000CD1D24 /* AppIcon.xcassets */; };
		66CDC4442A229864006E1B58 /* AddCityViewController.swift in Sources */ = {isa = PBXBuildFile; fileRef = 66CDC4432A229864006E1B58 /* AddCityViewController.swift */; };
		66CDC4462A2298C1006E1B58 /* AddCityViewController.storyboard in Resources */ = {isa = PBXBuildFile; fileRef = 66CDC4452A2298C1006E1B58 /* AddCityViewController.storyboard */; };
		66DEA9DD2A3253D9007176F3 /* AddCityHeaderView.swift in Sources */ = {isa = PBXBuildFile; fileRef = 66DEA9DC2A3253D9007176F3 /* AddCityHeaderView.swift */; };
		66F37E9D2A3CB66F00C6C935 /* WeekDayPicker.swift in Sources */ = {isa = PBXBuildFile; fileRef = 66F37E9C2A3CB66F00C6C935 /* WeekDayPicker.swift */; };
		66FE7F7D2A0E86580052D23E /* String+Localization.swift in Sources */ = {isa = PBXBuildFile; fileRef = 66FE7F7C2A0E86580052D23E /* String+Localization.swift */; };
		66FE7F7E2A0E86F10052D23E /* Localizable.strings in Resources */ = {isa = PBXBuildFile; fileRef = 66FE7F802A0E86F10052D23E /* Localizable.strings */; };
		66FE7F882A0E8E820052D23E /* Colors.xcassets in Resources */ = {isa = PBXBuildFile; fileRef = 66FE7F872A0E8E820052D23E /* Colors.xcassets */; };
/* End PBXBuildFile section */

/* Begin PBXFileReference section */
		6620A9852A0A54730082718F /* CityListViewController.storyboard */ = {isa = PBXFileReference; lastKnownFileType = file.storyboard; path = CityListViewController.storyboard; sourceTree = "<group>"; };
		6620A9872A0A54BE0082718F /* CityListViewController.swift */ = {isa = PBXFileReference; lastKnownFileType = sourcecode.swift; path = CityListViewController.swift; sourceTree = "<group>"; };
		6620A9892A0A5C780082718F /* NavigationRouter.swift */ = {isa = PBXFileReference; lastKnownFileType = sourcecode.swift; path = NavigationRouter.swift; sourceTree = "<group>"; };
		6620A98B2A0A6FC70082718F /* UIViewController.swift */ = {isa = PBXFileReference; lastKnownFileType = sourcecode.swift; path = UIViewController.swift; sourceTree = "<group>"; };
		663B00C72A10018200922DE5 /* Colors.swift */ = {isa = PBXFileReference; lastKnownFileType = sourcecode.swift; path = Colors.swift; sourceTree = "<group>"; };
		663B00C92A1002DA00922DE5 /* String+Color.swift */ = {isa = PBXFileReference; lastKnownFileType = sourcecode.swift; path = "String+Color.swift"; sourceTree = "<group>"; };
		664F195928FC18CE006B09FB /* Base */ = {isa = PBXFileReference; lastKnownFileType = file.storyboard; name = Base; path = Base.lproj/LaunchScreen.storyboard; sourceTree = "<group>"; };
		664F195B28FC1901006B09FB /* LoginViewController.storyboard */ = {isa = PBXFileReference; lastKnownFileType = file.storyboard; path = LoginViewController.storyboard; sourceTree = "<group>"; };
		664F195D28FC191A006B09FB /* LoginViewController.swift */ = {isa = PBXFileReference; lastKnownFileType = sourcecode.swift; path = LoginViewController.swift; sourceTree = "<group>"; };
		6657B2142A10D022008F9CD7 /* City.swift */ = {isa = PBXFileReference; lastKnownFileType = sourcecode.swift; path = City.swift; sourceTree = "<group>"; };
		6657B21B2A10DBF3008F9CD7 /* CityList.swift */ = {isa = PBXFileReference; lastKnownFileType = sourcecode.swift; path = CityList.swift; sourceTree = "<group>"; };
		6657B21D2A10E4C6008F9CD7 /* CityListViewCellModel.swift */ = {isa = PBXFileReference; lastKnownFileType = sourcecode.swift; path = CityListViewCellModel.swift; sourceTree = "<group>"; };
		6657B2202A10E7CD008F9CD7 /* CityListViewCell.swift */ = {isa = PBXFileReference; lastKnownFileType = sourcecode.swift; path = CityListViewCell.swift; sourceTree = "<group>"; };
		6692AB202A2E6E3C00EA1F27 /* AddCityViewCellModel.swift */ = {isa = PBXFileReference; lastKnownFileType = sourcecode.swift; path = AddCityViewCellModel.swift; sourceTree = "<group>"; };
		6692AB242A2E6EDC00EA1F27 /* AddCityViewCell.swift */ = {isa = PBXFileReference; lastKnownFileType = sourcecode.swift; path = AddCityViewCell.swift; sourceTree = "<group>"; };
		669578AF2A3B94F000FDCD7A /* GradientView.swift */ = {isa = PBXFileReference; lastKnownFileType = sourcecode.swift; path = GradientView.swift; sourceTree = "<group>"; };
		669A50E72A02E8F600989404 /* Common.xcassets */ = {isa = PBXFileReference; lastKnownFileType = folder.assetcatalog; path = Common.xcassets; sourceTree = "<group>"; };
		66C655522A38DCE8001CFF8E /* ForecastViewController.storyboard */ = {isa = PBXFileReference; lastKnownFileType = file.storyboard; path = ForecastViewController.storyboard; sourceTree = "<group>"; };
		66C655542A38DD15001CFF8E /* ForecastViewController.swift */ = {isa = PBXFileReference; lastKnownFileType = sourcecode.swift; path = ForecastViewController.swift; sourceTree = "<group>"; };
		66C655582A38EFEC001CFF8E /* ForecastCollectionViewCell.swift */ = {isa = PBXFileReference; lastKnownFileType = sourcecode.swift; path = ForecastCollectionViewCell.swift; sourceTree = "<group>"; };
		66C6555B2A38F196001CFF8E /* Weather.swift */ = {isa = PBXFileReference; lastKnownFileType = sourcecode.swift; path = Weather.swift; sourceTree = "<group>"; };
		66C6555E2A38F1F8001CFF8E /* ForecastViewCellModel.swift */ = {isa = PBXFileReference; lastKnownFileType = sourcecode.swift; path = ForecastViewCellModel.swift; sourceTree = "<group>"; };
		66C9E39F28FC173E00CD1D24 /* Weather.app */ = {isa = PBXFileReference; explicitFileType = wrapper.application; includeInIndex = 0; path = Weather.app; sourceTree = BUILT_PRODUCTS_DIR; };
		66C9E3A228FC173E00CD1D24 /* AppDelegate.swift */ = {isa = PBXFileReference; lastKnownFileType = sourcecode.swift; path = AppDelegate.swift; sourceTree = "<group>"; };
		66C9E3A428FC173E00CD1D24 /* SceneDelegate.swift */ = {isa = PBXFileReference; lastKnownFileType = sourcecode.swift; path = SceneDelegate.swift; sourceTree = "<group>"; };
		66C9E3AB28FC174000CD1D24 /* AppIcon.xcassets */ = {isa = PBXFileReference; lastKnownFileType = folder.assetcatalog; path = AppIcon.xcassets; sourceTree = "<group>"; };
		66C9E3B028FC174000CD1D24 /* Info.plist */ = {isa = PBXFileReference; lastKnownFileType = text.plist.xml; path = Info.plist; sourceTree = "<group>"; };
		66CDC4432A229864006E1B58 /* AddCityViewController.swift */ = {isa = PBXFileReference; lastKnownFileType = sourcecode.swift; path = AddCityViewController.swift; sourceTree = "<group>"; };
		66CDC4452A2298C1006E1B58 /* AddCityViewController.storyboard */ = {isa = PBXFileReference; lastKnownFileType = file.storyboard; path = AddCityViewController.storyboard; sourceTree = "<group>"; };
		66DEA9DC2A3253D9007176F3 /* AddCityHeaderView.swift */ = {isa = PBXFileReference; lastKnownFileType = sourcecode.swift; path = AddCityHeaderView.swift; sourceTree = "<group>"; };
		66F37E9C2A3CB66F00C6C935 /* WeekDayPicker.swift */ = {isa = PBXFileReference; lastKnownFileType = sourcecode.swift; path = WeekDayPicker.swift; sourceTree = "<group>"; };
		66FE7F7C2A0E86580052D23E /* String+Localization.swift */ = {isa = PBXFileReference; lastKnownFileType = sourcecode.swift; path = "String+Localization.swift"; sourceTree = "<group>"; };
		66FE7F7F2A0E86F10052D23E /* en */ = {isa = PBXFileReference; lastKnownFileType = text.plist.strings; name = en; path = en.lproj/Localizable.strings; sourceTree = "<group>"; };
		66FE7F812A0E87540052D23E /* ru */ = {isa = PBXFileReference; lastKnownFileType = text.plist.strings; name = ru; path = ru.lproj/Localizable.strings; sourceTree = "<group>"; };
		66FE7F872A0E8E820052D23E /* Colors.xcassets */ = {isa = PBXFileReference; lastKnownFileType = folder.assetcatalog; name = Colors.xcassets; path = Weather/Utilities/Colors.xcassets; sourceTree = SOURCE_ROOT; };
/* End PBXFileReference section */

/* Begin PBXFrameworksBuildPhase section */
		66C9E39C28FC173E00CD1D24 /* Frameworks */ = {
			isa = PBXFrameworksBuildPhase;
			buildActionMask = 2147483647;
			files = (
			);
			runOnlyForDeploymentPostprocessing = 0;
		};
/* End PBXFrameworksBuildPhase section */

/* Begin PBXGroup section */
		6620A9842A0A54210082718F /* CityList */ = {
			isa = PBXGroup;
			children = (
				6657B2192A10D829008F9CD7 /* Model */,
				6657B21A2A10D842008F9CD7 /* View */,
				6657B2132A10CFF5008F9CD7 /* Controller */,
			);
			path = CityList;
			sourceTree = "<group>";
		};
		664F195328FC180D006B09FB /* Utilities */ = {
			isa = PBXGroup;
			children = (
				66C9E3A228FC173E00CD1D24 /* AppDelegate.swift */,
				66C9E3A428FC173E00CD1D24 /* SceneDelegate.swift */,
				669578AE2A3B942E00FDCD7A /* Components */,
				66FE7F842A0E88FF0052D23E /* Common */,
				66FE7F852A0E890F0052D23E /* Config */,
				66FE7F832A0E88AA0052D23E /* Extensions */,
				66FE7F822A0E88990052D23E /* Localization */,
				66FE7F862A0E89330052D23E /* Resources */,
			);
			path = Utilities;
			sourceTree = "<group>";
		};
		664F195528FC1881006B09FB /* Login */ = {
			isa = PBXGroup;
			children = (
				664F195B28FC1901006B09FB /* LoginViewController.storyboard */,
				664F195D28FC191A006B09FB /* LoginViewController.swift */,
			);
			path = Login;
			sourceTree = "<group>";
		};
		664F195728FC18CE006B09FB /* Launch */ = {
			isa = PBXGroup;
			children = (
				664F195828FC18CE006B09FB /* LaunchScreen.storyboard */,
			);
			path = Launch;
			sourceTree = "<group>";
		};
		6657B2132A10CFF5008F9CD7 /* Controller */ = {
			isa = PBXGroup;
			children = (
				6620A9852A0A54730082718F /* CityListViewController.storyboard */,
				6620A9872A0A54BE0082718F /* CityListViewController.swift */,
			);
			path = Controller;
			sourceTree = "<group>";
		};
		6657B2162A10D029008F9CD7 /* City */ = {
			isa = PBXGroup;
			children = (
				6657B2142A10D022008F9CD7 /* City.swift */,
				6657B21B2A10DBF3008F9CD7 /* CityList.swift */,
			);
			path = City;
			sourceTree = "<group>";
		};
		6657B2192A10D829008F9CD7 /* Model */ = {
			isa = PBXGroup;
			children = (
				6657B21D2A10E4C6008F9CD7 /* CityListViewCellModel.swift */,
			);
			path = Model;
			sourceTree = "<group>";
		};
		6657B21A2A10D842008F9CD7 /* View */ = {
			isa = PBXGroup;
			children = (
				6657B21F2A10E799008F9CD7 /* Cells */,
			);
			path = View;
			sourceTree = "<group>";
		};
		6657B21F2A10E799008F9CD7 /* Cells */ = {
			isa = PBXGroup;
			children = (
				6657B2202A10E7CD008F9CD7 /* CityListViewCell.swift */,
			);
			path = Cells;
			sourceTree = "<group>";
		};
		6692AB1C2A2E6D8000EA1F27 /* Models */ = {
			isa = PBXGroup;
			children = (
				66C6555A2A38F186001CFF8E /* Weather */,
				6657B2162A10D029008F9CD7 /* City */,
			);
			path = Models;
			sourceTree = "<group>";
		};
		6692AB1D2A2E6DCB00EA1F27 /* Model */ = {
			isa = PBXGroup;
			children = (
				6692AB202A2E6E3C00EA1F27 /* AddCityViewCellModel.swift */,
			);
			path = Model;
			sourceTree = "<group>";
		};
		6692AB222A2E6EA500EA1F27 /* View */ = {
			isa = PBXGroup;
			children = (
				66DEA9DB2A32534B007176F3 /* Header */,
				6692AB232A2E6EB100EA1F27 /* Cells */,
			);
			path = View;
			sourceTree = "<group>";
		};
		6692AB232A2E6EB100EA1F27 /* Cells */ = {
			isa = PBXGroup;
			children = (
				6692AB242A2E6EDC00EA1F27 /* AddCityViewCell.swift */,
			);
			path = Cells;
			sourceTree = "<group>";
		};
		669578AE2A3B942E00FDCD7A /* Components */ = {
			isa = PBXGroup;
			children = (
				669578AF2A3B94F000FDCD7A /* GradientView.swift */,
				66F37E9C2A3CB66F00C6C935 /* WeekDayPicker.swift */,
			);
			path = Components;
			sourceTree = "<group>";
		};
		66C655502A38DB95001CFF8E /* Forecast */ = {
			isa = PBXGroup;
			children = (
				66C6555D2A38F1DD001CFF8E /* Model */,
				66C655562A38EF46001CFF8E /* View */,
				66C655512A38DC4C001CFF8E /* Controller */,
			);
			path = Forecast;
			sourceTree = "<group>";
		};
		66C655512A38DC4C001CFF8E /* Controller */ = {
			isa = PBXGroup;
			children = (
				66C655522A38DCE8001CFF8E /* ForecastViewController.storyboard */,
				66C655542A38DD15001CFF8E /* ForecastViewController.swift */,
			);
			path = Controller;
			sourceTree = "<group>";
		};
		66C655562A38EF46001CFF8E /* View */ = {
			isa = PBXGroup;
			children = (
				66C655572A38EF50001CFF8E /* Cells */,
			);
			path = View;
			sourceTree = "<group>";
		};
		66C655572A38EF50001CFF8E /* Cells */ = {
			isa = PBXGroup;
			children = (
				66C655582A38EFEC001CFF8E /* ForecastCollectionViewCell.swift */,
			);
			path = Cells;
			sourceTree = "<group>";
		};
		66C6555A2A38F186001CFF8E /* Weather */ = {
			isa = PBXGroup;
			children = (
				66C6555B2A38F196001CFF8E /* Weather.swift */,
			);
			path = Weather;
			sourceTree = "<group>";
		};
		66C6555D2A38F1DD001CFF8E /* Model */ = {
			isa = PBXGroup;
			children = (
				66C6555E2A38F1F8001CFF8E /* ForecastViewCellModel.swift */,
			);
			path = Model;
			sourceTree = "<group>";
		};
		66C9E39628FC173E00CD1D24 = {
			isa = PBXGroup;
			children = (
				66C9E3A128FC173E00CD1D24 /* Weather */,
				66C9E3A028FC173E00CD1D24 /* Products */,
			);
			sourceTree = "<group>";
		};
		66C9E3A028FC173E00CD1D24 /* Products */ = {
			isa = PBXGroup;
			children = (
				66C9E39F28FC173E00CD1D24 /* Weather.app */,
			);
			name = Products;
			sourceTree = "<group>";
		};
		66C9E3A128FC173E00CD1D24 /* Weather */ = {
			isa = PBXGroup;
			children = (
				6692AB1C2A2E6D8000EA1F27 /* Models */,
				66C9E3B628FC17A300CD1D24 /* Screens */,
				664F195328FC180D006B09FB /* Utilities */,
			);
			path = Weather;
			sourceTree = "<group>";
		};
		66C9E3B628FC17A300CD1D24 /* Screens */ = {
			isa = PBXGroup;
			children = (
				664F195728FC18CE006B09FB /* Launch */,
				664F195528FC1881006B09FB /* Login */,
				6620A9842A0A54210082718F /* CityList */,
				66CDC4422A2297AA006E1B58 /* AddCity */,
				66C655502A38DB95001CFF8E /* Forecast */,
			);
			path = Screens;
			sourceTree = "<group>";
		};
		66CDC4422A2297AA006E1B58 /* AddCity */ = {
			isa = PBXGroup;
			children = (
				6692AB1D2A2E6DCB00EA1F27 /* Model */,
				6692AB222A2E6EA500EA1F27 /* View */,
				66CDC4472A2298CD006E1B58 /* Controller */,
			);
			path = AddCity;
			sourceTree = "<group>";
		};
		66CDC4472A2298CD006E1B58 /* Controller */ = {
			isa = PBXGroup;
			children = (
				66CDC4452A2298C1006E1B58 /* AddCityViewController.storyboard */,
				66CDC4432A229864006E1B58 /* AddCityViewController.swift */,
			);
			path = Controller;
			sourceTree = "<group>";
		};
		66DEA9DB2A32534B007176F3 /* Header */ = {
			isa = PBXGroup;
			children = (
				66DEA9DC2A3253D9007176F3 /* AddCityHeaderView.swift */,
			);
			path = Header;
			sourceTree = "<group>";
		};
		66FE7F822A0E88990052D23E /* Localization */ = {
			isa = PBXGroup;
			children = (
				66FE7F802A0E86F10052D23E /* Localizable.strings */,
			);
			path = Localization;
			sourceTree = "<group>";
		};
		66FE7F832A0E88AA0052D23E /* Extensions */ = {
			isa = PBXGroup;
			children = (
				6620A98B2A0A6FC70082718F /* UIViewController.swift */,
				66FE7F7C2A0E86580052D23E /* String+Localization.swift */,
				663B00C92A1002DA00922DE5 /* String+Color.swift */,
			);
			path = Extensions;
			sourceTree = "<group>";
		};
		66FE7F842A0E88FF0052D23E /* Common */ = {
			isa = PBXGroup;
			children = (
				663B00C72A10018200922DE5 /* Colors.swift */,
				6620A9892A0A5C780082718F /* NavigationRouter.swift */,
			);
			path = Common;
			sourceTree = "<group>";
		};
		66FE7F852A0E890F0052D23E /* Config */ = {
			isa = PBXGroup;
			children = (
				66C9E3B028FC174000CD1D24 /* Info.plist */,
			);
			path = Config;
			sourceTree = "<group>";
		};
		66FE7F862A0E89330052D23E /* Resources */ = {
			isa = PBXGroup;
			children = (
				66C9E3AB28FC174000CD1D24 /* AppIcon.xcassets */,
				669A50E72A02E8F600989404 /* Common.xcassets */,
				66FE7F872A0E8E820052D23E /* Colors.xcassets */,
			);
			path = Resources;
			sourceTree = "<group>";
		};
/* End PBXGroup section */

/* Begin PBXNativeTarget section */
		66C9E39E28FC173E00CD1D24 /* Weather */ = {
			isa = PBXNativeTarget;
			buildConfigurationList = 66C9E3B328FC174000CD1D24 /* Build configuration list for PBXNativeTarget "Weather" */;
			buildPhases = (
				66C9E39B28FC173E00CD1D24 /* Sources */,
				66C9E39C28FC173E00CD1D24 /* Frameworks */,
				66C9E39D28FC173E00CD1D24 /* Resources */,
			);
			buildRules = (
			);
			dependencies = (
			);
			name = Weather;
			productName = Weather;
			productReference = 66C9E39F28FC173E00CD1D24 /* Weather.app */;
			productType = "com.apple.product-type.application";
		};
/* End PBXNativeTarget section */

/* Begin PBXProject section */
		66C9E39728FC173E00CD1D24 /* Project object */ = {
			isa = PBXProject;
			attributes = {
				BuildIndependentTargetsInParallel = 1;
				LastSwiftUpdateCheck = 1400;
				LastUpgradeCheck = 1400;
				ORGANIZATIONNAME = slemeshaev;
				TargetAttributes = {
					66C9E39E28FC173E00CD1D24 = {
						CreatedOnToolsVersion = 14.0.1;
					};
				};
			};
			buildConfigurationList = 66C9E39A28FC173E00CD1D24 /* Build configuration list for PBXProject "Weather" */;
			compatibilityVersion = "Xcode 14.0";
			developmentRegion = en;
			hasScannedForEncodings = 0;
			knownRegions = (
				en,
				Base,
				ru,
			);
			mainGroup = 66C9E39628FC173E00CD1D24;
			productRefGroup = 66C9E3A028FC173E00CD1D24 /* Products */;
			projectDirPath = "";
			projectRoot = "";
			targets = (
				66C9E39E28FC173E00CD1D24 /* Weather */,
			);
		};
/* End PBXProject section */

/* Begin PBXResourcesBuildPhase section */
		66C9E39D28FC173E00CD1D24 /* Resources */ = {
			isa = PBXResourcesBuildPhase;
			buildActionMask = 2147483647;
			files = (
				66CDC4462A2298C1006E1B58 /* AddCityViewController.storyboard in Resources */,
				669A50E82A02E8F600989404 /* Common.xcassets in Resources */,
				66C655532A38DCE8001CFF8E /* ForecastViewController.storyboard in Resources */,
				664F195A28FC18CE006B09FB /* LaunchScreen.storyboard in Resources */,
				6620A9862A0A54730082718F /* CityListViewController.storyboard in Resources */,
				66FE7F7E2A0E86F10052D23E /* Localizable.strings in Resources */,
				66C9E3AC28FC174000CD1D24 /* AppIcon.xcassets in Resources */,
				664F195C28FC1901006B09FB /* LoginViewController.storyboard in Resources */,
				66FE7F882A0E8E820052D23E /* Colors.xcassets in Resources */,
			);
			runOnlyForDeploymentPostprocessing = 0;
		};
/* End PBXResourcesBuildPhase section */

/* Begin PBXSourcesBuildPhase section */
		66C9E39B28FC173E00CD1D24 /* Sources */ = {
			isa = PBXSourcesBuildPhase;
			buildActionMask = 2147483647;
			files = (
				66C6555F2A38F1F8001CFF8E /* ForecastViewCellModel.swift in Sources */,
				6692AB212A2E6E3C00EA1F27 /* AddCityViewCellModel.swift in Sources */,
				669578B02A3B94F000FDCD7A /* GradientView.swift in Sources */,
				664F195E28FC191A006B09FB /* LoginViewController.swift in Sources */,
				66CDC4442A229864006E1B58 /* AddCityViewController.swift in Sources */,
				66F37E9D2A3CB66F00C6C935 /* WeekDayPicker.swift in Sources */,
				66C655592A38EFEC001CFF8E /* ForecastCollectionViewCell.swift in Sources */,
				66C6555C2A38F196001CFF8E /* Weather.swift in Sources */,
				663B00C82A10018200922DE5 /* Colors.swift in Sources */,
				6620A9882A0A54BE0082718F /* CityListViewController.swift in Sources */,
				6620A98C2A0A6FC70082718F /* UIViewController.swift in Sources */,
				66C9E3A328FC173E00CD1D24 /* AppDelegate.swift in Sources */,
				663B00CA2A1002DA00922DE5 /* String+Color.swift in Sources */,
				6657B2152A10D022008F9CD7 /* City.swift in Sources */,
				6620A98A2A0A5C780082718F /* NavigationRouter.swift in Sources */,
				66DEA9DD2A3253D9007176F3 /* AddCityHeaderView.swift in Sources */,
				66C655552A38DD15001CFF8E /* ForecastViewController.swift in Sources */,
				6657B21C2A10DBF3008F9CD7 /* CityList.swift in Sources */,
				66FE7F7D2A0E86580052D23E /* String+Localization.swift in Sources */,
				66C9E3A528FC173E00CD1D24 /* SceneDelegate.swift in Sources */,
				6692AB252A2E6EDC00EA1F27 /* AddCityViewCell.swift in Sources */,
				6657B2212A10E7CD008F9CD7 /* CityListViewCell.swift in Sources */,
				6657B21E2A10E4C6008F9CD7 /* CityListViewCellModel.swift in Sources */,
			);
			runOnlyForDeploymentPostprocessing = 0;
		};
/* End PBXSourcesBuildPhase section */

/* Begin PBXVariantGroup section */
		664F195828FC18CE006B09FB /* LaunchScreen.storyboard */ = {
			isa = PBXVariantGroup;
			children = (
				664F195928FC18CE006B09FB /* Base */,
			);
			name = LaunchScreen.storyboard;
			sourceTree = "<group>";
		};
		66FE7F802A0E86F10052D23E /* Localizable.strings */ = {
			isa = PBXVariantGroup;
			children = (
				66FE7F7F2A0E86F10052D23E /* en */,
				66FE7F812A0E87540052D23E /* ru */,
			);
			name = Localizable.strings;
			sourceTree = "<group>";
		};
/* End PBXVariantGroup section */

/* Begin XCBuildConfiguration section */
		66C9E3B128FC174000CD1D24 /* Debug */ = {
			isa = XCBuildConfiguration;
			buildSettings = {
				ALWAYS_SEARCH_USER_PATHS = NO;
				CLANG_ANALYZER_LOCALIZABILITY_NONLOCALIZED = YES;
				CLANG_ANALYZER_NONNULL = YES;
				CLANG_ANALYZER_NUMBER_OBJECT_CONVERSION = YES_AGGRESSIVE;
				CLANG_CXX_LANGUAGE_STANDARD = "gnu++20";
				CLANG_ENABLE_MODULES = YES;
				CLANG_ENABLE_OBJC_ARC = YES;
				CLANG_ENABLE_OBJC_WEAK = YES;
				CLANG_WARN_BLOCK_CAPTURE_AUTORELEASING = YES;
				CLANG_WARN_BOOL_CONVERSION = YES;
				CLANG_WARN_COMMA = YES;
				CLANG_WARN_CONSTANT_CONVERSION = YES;
				CLANG_WARN_DEPRECATED_OBJC_IMPLEMENTATIONS = YES;
				CLANG_WARN_DIRECT_OBJC_ISA_USAGE = YES_ERROR;
				CLANG_WARN_DOCUMENTATION_COMMENTS = YES;
				CLANG_WARN_EMPTY_BODY = YES;
				CLANG_WARN_ENUM_CONVERSION = YES;
				CLANG_WARN_INFINITE_RECURSION = YES;
				CLANG_WARN_INT_CONVERSION = YES;
				CLANG_WARN_NON_LITERAL_NULL_CONVERSION = YES;
				CLANG_WARN_OBJC_IMPLICIT_RETAIN_SELF = YES;
				CLANG_WARN_OBJC_LITERAL_CONVERSION = YES;
				CLANG_WARN_OBJC_ROOT_CLASS = YES_ERROR;
				CLANG_WARN_QUOTED_INCLUDE_IN_FRAMEWORK_HEADER = YES;
				CLANG_WARN_RANGE_LOOP_ANALYSIS = YES;
				CLANG_WARN_STRICT_PROTOTYPES = YES;
				CLANG_WARN_SUSPICIOUS_MOVE = YES;
				CLANG_WARN_UNGUARDED_AVAILABILITY = YES_AGGRESSIVE;
				CLANG_WARN_UNREACHABLE_CODE = YES;
				CLANG_WARN__DUPLICATE_METHOD_MATCH = YES;
				COPY_PHASE_STRIP = NO;
				DEBUG_INFORMATION_FORMAT = dwarf;
				ENABLE_STRICT_OBJC_MSGSEND = YES;
				ENABLE_TESTABILITY = YES;
				GCC_C_LANGUAGE_STANDARD = gnu11;
				GCC_DYNAMIC_NO_PIC = NO;
				GCC_NO_COMMON_BLOCKS = YES;
				GCC_OPTIMIZATION_LEVEL = 0;
				GCC_PREPROCESSOR_DEFINITIONS = (
					"DEBUG=1",
					"$(inherited)",
				);
				GCC_WARN_64_TO_32_BIT_CONVERSION = YES;
				GCC_WARN_ABOUT_RETURN_TYPE = YES_ERROR;
				GCC_WARN_UNDECLARED_SELECTOR = YES;
				GCC_WARN_UNINITIALIZED_AUTOS = YES_AGGRESSIVE;
				GCC_WARN_UNUSED_FUNCTION = YES;
				GCC_WARN_UNUSED_VARIABLE = YES;
				IPHONEOS_DEPLOYMENT_TARGET = 16.0;
				MTL_ENABLE_DEBUG_INFO = INCLUDE_SOURCE;
				MTL_FAST_MATH = YES;
				ONLY_ACTIVE_ARCH = YES;
				SDKROOT = iphoneos;
				SWIFT_ACTIVE_COMPILATION_CONDITIONS = DEBUG;
				SWIFT_OPTIMIZATION_LEVEL = "-Onone";
			};
			name = Debug;
		};
		66C9E3B228FC174000CD1D24 /* Release */ = {
			isa = XCBuildConfiguration;
			buildSettings = {
				ALWAYS_SEARCH_USER_PATHS = NO;
				CLANG_ANALYZER_LOCALIZABILITY_NONLOCALIZED = YES;
				CLANG_ANALYZER_NONNULL = YES;
				CLANG_ANALYZER_NUMBER_OBJECT_CONVERSION = YES_AGGRESSIVE;
				CLANG_CXX_LANGUAGE_STANDARD = "gnu++20";
				CLANG_ENABLE_MODULES = YES;
				CLANG_ENABLE_OBJC_ARC = YES;
				CLANG_ENABLE_OBJC_WEAK = YES;
				CLANG_WARN_BLOCK_CAPTURE_AUTORELEASING = YES;
				CLANG_WARN_BOOL_CONVERSION = YES;
				CLANG_WARN_COMMA = YES;
				CLANG_WARN_CONSTANT_CONVERSION = YES;
				CLANG_WARN_DEPRECATED_OBJC_IMPLEMENTATIONS = YES;
				CLANG_WARN_DIRECT_OBJC_ISA_USAGE = YES_ERROR;
				CLANG_WARN_DOCUMENTATION_COMMENTS = YES;
				CLANG_WARN_EMPTY_BODY = YES;
				CLANG_WARN_ENUM_CONVERSION = YES;
				CLANG_WARN_INFINITE_RECURSION = YES;
				CLANG_WARN_INT_CONVERSION = YES;
				CLANG_WARN_NON_LITERAL_NULL_CONVERSION = YES;
				CLANG_WARN_OBJC_IMPLICIT_RETAIN_SELF = YES;
				CLANG_WARN_OBJC_LITERAL_CONVERSION = YES;
				CLANG_WARN_OBJC_ROOT_CLASS = YES_ERROR;
				CLANG_WARN_QUOTED_INCLUDE_IN_FRAMEWORK_HEADER = YES;
				CLANG_WARN_RANGE_LOOP_ANALYSIS = YES;
				CLANG_WARN_STRICT_PROTOTYPES = YES;
				CLANG_WARN_SUSPICIOUS_MOVE = YES;
				CLANG_WARN_UNGUARDED_AVAILABILITY = YES_AGGRESSIVE;
				CLANG_WARN_UNREACHABLE_CODE = YES;
				CLANG_WARN__DUPLICATE_METHOD_MATCH = YES;
				COPY_PHASE_STRIP = NO;
				DEBUG_INFORMATION_FORMAT = "dwarf-with-dsym";
				ENABLE_NS_ASSERTIONS = NO;
				ENABLE_STRICT_OBJC_MSGSEND = YES;
				GCC_C_LANGUAGE_STANDARD = gnu11;
				GCC_NO_COMMON_BLOCKS = YES;
				GCC_WARN_64_TO_32_BIT_CONVERSION = YES;
				GCC_WARN_ABOUT_RETURN_TYPE = YES_ERROR;
				GCC_WARN_UNDECLARED_SELECTOR = YES;
				GCC_WARN_UNINITIALIZED_AUTOS = YES_AGGRESSIVE;
				GCC_WARN_UNUSED_FUNCTION = YES;
				GCC_WARN_UNUSED_VARIABLE = YES;
				IPHONEOS_DEPLOYMENT_TARGET = 16.0;
				MTL_ENABLE_DEBUG_INFO = NO;
				MTL_FAST_MATH = YES;
				SDKROOT = iphoneos;
				SWIFT_COMPILATION_MODE = wholemodule;
				SWIFT_OPTIMIZATION_LEVEL = "-O";
				VALIDATE_PRODUCT = YES;
			};
			name = Release;
		};
		66C9E3B428FC174000CD1D24 /* Debug */ = {
			isa = XCBuildConfiguration;
			buildSettings = {
				ASSETCATALOG_COMPILER_APPICON_NAME = AppIcon;
				ASSETCATALOG_COMPILER_GLOBAL_ACCENT_COLOR_NAME = AccentColor;
				CODE_SIGN_STYLE = Automatic;
				CURRENT_PROJECT_VERSION = 1;
				DEVELOPMENT_TEAM = 5GWB2H668N;
				GENERATE_INFOPLIST_FILE = YES;
				INFOPLIST_FILE = Weather/Utilities/Config/Info.plist;
				INFOPLIST_KEY_UIApplicationSupportsIndirectInputEvents = YES;
				INFOPLIST_KEY_UILaunchStoryboardName = LaunchScreen;
				INFOPLIST_KEY_UISupportedInterfaceOrientations = UIInterfaceOrientationPortrait;
				LD_RUNPATH_SEARCH_PATHS = (
					"$(inherited)",
					"@executable_path/Frameworks",
				);
				MARKETING_VERSION = 1.0;
				PRODUCT_BUNDLE_IDENTIFIER = com.slemeshaev.Weather;
				PRODUCT_NAME = "$(TARGET_NAME)";
				SWIFT_EMIT_LOC_STRINGS = YES;
				SWIFT_VERSION = 5.0;
				TARGETED_DEVICE_FAMILY = "1,2";
			};
			name = Debug;
		};
		66C9E3B528FC174000CD1D24 /* Release */ = {
			isa = XCBuildConfiguration;
			buildSettings = {
				ASSETCATALOG_COMPILER_APPICON_NAME = AppIcon;
				ASSETCATALOG_COMPILER_GLOBAL_ACCENT_COLOR_NAME = AccentColor;
				CODE_SIGN_STYLE = Automatic;
				CURRENT_PROJECT_VERSION = 1;
				DEVELOPMENT_TEAM = 5GWB2H668N;
				GENERATE_INFOPLIST_FILE = YES;
				INFOPLIST_FILE = Weather/Utilities/Config/Info.plist;
				INFOPLIST_KEY_UIApplicationSupportsIndirectInputEvents = YES;
				INFOPLIST_KEY_UILaunchStoryboardName = LaunchScreen;
				INFOPLIST_KEY_UISupportedInterfaceOrientations = UIInterfaceOrientationPortrait;
				LD_RUNPATH_SEARCH_PATHS = (
					"$(inherited)",
					"@executable_path/Frameworks",
				);
				MARKETING_VERSION = 1.0;
				PRODUCT_BUNDLE_IDENTIFIER = com.slemeshaev.Weather;
				PRODUCT_NAME = "$(TARGET_NAME)";
				SWIFT_EMIT_LOC_STRINGS = YES;
				SWIFT_VERSION = 5.0;
				TARGETED_DEVICE_FAMILY = "1,2";
			};
			name = Release;
		};
/* End XCBuildConfiguration section */

/* Begin XCConfigurationList section */
		66C9E39A28FC173E00CD1D24 /* Build configuration list for PBXProject "Weather" */ = {
			isa = XCConfigurationList;
			buildConfigurations = (
				66C9E3B128FC174000CD1D24 /* Debug */,
				66C9E3B228FC174000CD1D24 /* Release */,
			);
			defaultConfigurationIsVisible = 0;
			defaultConfigurationName = Release;
		};
		66C9E3B328FC174000CD1D24 /* Build configuration list for PBXNativeTarget "Weather" */ = {
			isa = XCConfigurationList;
			buildConfigurations = (
				66C9E3B428FC174000CD1D24 /* Debug */,
				66C9E3B528FC174000CD1D24 /* Release */,
			);
			defaultConfigurationIsVisible = 0;
			defaultConfigurationName = Release;
		};
/* End XCConfigurationList section */
	};
	rootObject = 66C9E39728FC173E00CD1D24 /* Project object */;
}
